// !$*UTF8*$!
{
	archiveVersion = 1;
	classes = {
	};
	objectVersion = 46;
	objects = {

/* Begin PBXBuildFile section */
		38076D121E92DFD9002764B8 /* LargeArrayOfRandomInt.swift in Sources */ = {isa = PBXBuildFile; fileRef = 38076D111E92DFD9002764B8 /* LargeArrayOfRandomInt.swift */; };
		380F65FC1EEEF41900ABCE96 /* README.md in Sources */ = {isa = PBXBuildFile; fileRef = 380F65FB1EEEF41900ABCE96 /* README.md */; };
		380F65FE1EEF581500ABCE96 /* StringCompresser.swift in Sources */ = {isa = PBXBuildFile; fileRef = 380F65FD1EEF581500ABCE96 /* StringCompresser.swift */; };
		380F66001EF0095100ABCE96 /* LLRemoveDupes.swift in Sources */ = {isa = PBXBuildFile; fileRef = 380F65FF1EF0095100ABCE96 /* LLRemoveDupes.swift */; };
		380F66031EF009FB00ABCE96 /* Tests_Ctci_LinkedLists.swift in Sources */ = {isa = PBXBuildFile; fileRef = 380F66021EF009FB00ABCE96 /* Tests_Ctci_LinkedLists.swift */; };
		383662C81EF1625600D38FED /* LLReturnKthToLast.swift in Sources */ = {isa = PBXBuildFile; fileRef = 383662C71EF1625600D38FED /* LLReturnKthToLast.swift */; };
		3863EEBD1EE9771D00C17051 /* IsUnique.swift in Sources */ = {isa = PBXBuildFile; fileRef = 3863EEBC1EE9771D00C17051 /* IsUnique.swift */; };
		3863EEC01EE9780A00C17051 /* README_ctci.swift in Sources */ = {isa = PBXBuildFile; fileRef = 3863EEBF1EE9780A00C17051 /* README_ctci.swift */; };
		3863EEC21EE9787600C17051 /* Tests_Ctci_ArraysAndStrings.swift in Sources */ = {isa = PBXBuildFile; fileRef = 3863EEC11EE9787600C17051 /* Tests_Ctci_ArraysAndStrings.swift */; };
		3863EEC71EEA0D6A00C17051 /* StringPermutationChecker.swift in Sources */ = {isa = PBXBuildFile; fileRef = 3863EEC61EEA0D6A00C17051 /* StringPermutationChecker.swift */; };
		3863EEC91EEAB70900C17051 /* URLifyer.swift in Sources */ = {isa = PBXBuildFile; fileRef = 3863EEC81EEAB70900C17051 /* URLifyer.swift */; };
		3863EECB1EEABE2300C17051 /* PalindromePermutationChecker.swift in Sources */ = {isa = PBXBuildFile; fileRef = 3863EECA1EEABE2300C17051 /* PalindromePermutationChecker.swift */; };
		3881AE811E9150E900FCB71F /* AppDelegate.swift in Sources */ = {isa = PBXBuildFile; fileRef = 3881AE801E9150E900FCB71F /* AppDelegate.swift */; };
		3881AE831E9150E900FCB71F /* ViewController.swift in Sources */ = {isa = PBXBuildFile; fileRef = 3881AE821E9150E900FCB71F /* ViewController.swift */; };
		3881AE851E9150E900FCB71F /* Assets.xcassets in Resources */ = {isa = PBXBuildFile; fileRef = 3881AE841E9150E900FCB71F /* Assets.xcassets */; };
		3881AE881E9150E900FCB71F /* Main.storyboard in Resources */ = {isa = PBXBuildFile; fileRef = 3881AE861E9150E900FCB71F /* Main.storyboard */; };
		3881AEAC1E91511D00FCB71F /* LinkedList.swift in Sources */ = {isa = PBXBuildFile; fileRef = 3881AEAB1E91511D00FCB71F /* LinkedList.swift */; };
		3881AEAE1E91513B00FCB71F /* LinkedListNode.swift in Sources */ = {isa = PBXBuildFile; fileRef = 3881AEAD1E91513B00FCB71F /* LinkedListNode.swift */; };
		3881AEB21E9157CB00FCB71F /* Tests_LinkedList.swift in Sources */ = {isa = PBXBuildFile; fileRef = 3881AEB11E9157CB00FCB71F /* Tests_LinkedList.swift */; };
		3881AEB61E91745700FCB71F /* Stack.swift in Sources */ = {isa = PBXBuildFile; fileRef = 3881AEB51E91745700FCB71F /* Stack.swift */; };
		3881AEB81E91750200FCB71F /* StackNode.swift in Sources */ = {isa = PBXBuildFile; fileRef = 3881AEB71E91750200FCB71F /* StackNode.swift */; };
		3881AEBB1E9176D700FCB71F /* Tests_Stack.swift in Sources */ = {isa = PBXBuildFile; fileRef = 3881AEBA1E9176D700FCB71F /* Tests_Stack.swift */; };
		3881AEBD1E917B3800FCB71F /* Queue.swift in Sources */ = {isa = PBXBuildFile; fileRef = 3881AEBC1E917B3800FCB71F /* Queue.swift */; };
		3881AEBF1E917C0D00FCB71F /* QueueNode.swift in Sources */ = {isa = PBXBuildFile; fileRef = 3881AEBE1E917C0D00FCB71F /* QueueNode.swift */; };
		3881AEC21E917D3000FCB71F /* Tests_Queue.swift in Sources */ = {isa = PBXBuildFile; fileRef = 3881AEC11E917D3000FCB71F /* Tests_Queue.swift */; };
		3881AEC61E91BCFC00FCB71F /* BinarySearchTree.swift in Sources */ = {isa = PBXBuildFile; fileRef = 3881AEC51E91BCFC00FCB71F /* BinarySearchTree.swift */; };
		3881AEC91E92A16100FCB71F /* Tests_BinarySearchTree.swift in Sources */ = {isa = PBXBuildFile; fileRef = 3881AEC81E92A16100FCB71F /* Tests_BinarySearchTree.swift */; };
		38F47D7A1EB3A41000DC7B15 /* Kata04DataMunging.swift in Sources */ = {isa = PBXBuildFile; fileRef = 38F47D791EB3A41000DC7B15 /* Kata04DataMunging.swift */; };
		38F47D7D1EB3A4A800DC7B15 /* README_CodeKata.swift in Sources */ = {isa = PBXBuildFile; fileRef = 38F47D7C1EB3A4A800DC7B15 /* README_CodeKata.swift */; };
		38F47D801EB3A59900DC7B15 /* weather.dat in Resources */ = {isa = PBXBuildFile; fileRef = 38F47D7F1EB3A59900DC7B15 /* weather.dat */; };
		38F47D821EB3A76A00DC7B15 /* Kata04Errors.swift in Sources */ = {isa = PBXBuildFile; fileRef = 38F47D811EB3A76A00DC7B15 /* Kata04Errors.swift */; };
		38F47D841EB3A95800DC7B15 /* Tests_Kata04.swift in Sources */ = {isa = PBXBuildFile; fileRef = 38F47D831EB3A95800DC7B15 /* Tests_Kata04.swift */; };
		38F47D861EB951EB00DC7B15 /* PartOneWeatherData.swift in Sources */ = {isa = PBXBuildFile; fileRef = 38F47D851EB951EB00DC7B15 /* PartOneWeatherData.swift */; };
		38F47D891EB9588C00DC7B15 /* Kata04Day.swift in Sources */ = {isa = PBXBuildFile; fileRef = 38F47D881EB9588C00DC7B15 /* Kata04Day.swift */; };
		38F47D8D1EB95AC800DC7B15 /* Kata04Temp.swift in Sources */ = {isa = PBXBuildFile; fileRef = 38F47D8C1EB95AC800DC7B15 /* Kata04Temp.swift */; };
/* End PBXBuildFile section */

/* Begin PBXContainerItemProxy section */
		3881AE8F1E9150E900FCB71F /* PBXContainerItemProxy */ = {
			isa = PBXContainerItemProxy;
			containerPortal = 3881AE751E9150E800FCB71F /* Project object */;
			proxyType = 1;
			remoteGlobalIDString = 3881AE7C1E9150E800FCB71F;
			remoteInfo = AlgorithmsAndDataStructures;
		};
/* End PBXContainerItemProxy section */

/* Begin PBXFileReference section */
		38076D111E92DFD9002764B8 /* LargeArrayOfRandomInt.swift */ = {isa = PBXFileReference; fileEncoding = 4; lastKnownFileType = sourcecode.swift; path = LargeArrayOfRandomInt.swift; sourceTree = "<group>"; };
		380F65FB1EEEF41900ABCE96 /* README.md */ = {isa = PBXFileReference; fileEncoding = 4; lastKnownFileType = net.daringfireball.markdown; path = README.md; sourceTree = "<group>"; };
		380F65FD1EEF581500ABCE96 /* StringCompresser.swift */ = {isa = PBXFileReference; fileEncoding = 4; lastKnownFileType = sourcecode.swift; path = StringCompresser.swift; sourceTree = "<group>"; };
		380F65FF1EF0095100ABCE96 /* LLRemoveDupes.swift */ = {isa = PBXFileReference; fileEncoding = 4; lastKnownFileType = sourcecode.swift; path = LLRemoveDupes.swift; sourceTree = "<group>"; };
		380F66021EF009FB00ABCE96 /* Tests_Ctci_LinkedLists.swift */ = {isa = PBXFileReference; fileEncoding = 4; lastKnownFileType = sourcecode.swift; path = Tests_Ctci_LinkedLists.swift; sourceTree = "<group>"; };
		383662C71EF1625600D38FED /* LLReturnKthToLast.swift */ = {isa = PBXFileReference; fileEncoding = 4; lastKnownFileType = sourcecode.swift; path = LLReturnKthToLast.swift; sourceTree = "<group>"; };
		3863EEBC1EE9771D00C17051 /* IsUnique.swift */ = {isa = PBXFileReference; fileEncoding = 4; lastKnownFileType = sourcecode.swift; path = IsUnique.swift; sourceTree = "<group>"; };
		3863EEBF1EE9780A00C17051 /* README_ctci.swift */ = {isa = PBXFileReference; fileEncoding = 4; lastKnownFileType = sourcecode.swift; path = README_ctci.swift; sourceTree = "<group>"; };
		3863EEC11EE9787600C17051 /* Tests_Ctci_ArraysAndStrings.swift */ = {isa = PBXFileReference; fileEncoding = 4; lastKnownFileType = sourcecode.swift; path = Tests_Ctci_ArraysAndStrings.swift; sourceTree = "<group>"; };
		3863EEC61EEA0D6A00C17051 /* StringPermutationChecker.swift */ = {isa = PBXFileReference; fileEncoding = 4; lastKnownFileType = sourcecode.swift; path = StringPermutationChecker.swift; sourceTree = "<group>"; };
		3863EEC81EEAB70900C17051 /* URLifyer.swift */ = {isa = PBXFileReference; fileEncoding = 4; lastKnownFileType = sourcecode.swift; path = URLifyer.swift; sourceTree = "<group>"; };
		3863EECA1EEABE2300C17051 /* PalindromePermutationChecker.swift */ = {isa = PBXFileReference; fileEncoding = 4; lastKnownFileType = sourcecode.swift; path = PalindromePermutationChecker.swift; sourceTree = "<group>"; };
		3881AE7D1E9150E900FCB71F /* AlgorithmsAndDataStructures.app */ = {isa = PBXFileReference; explicitFileType = wrapper.application; includeInIndex = 0; path = AlgorithmsAndDataStructures.app; sourceTree = BUILT_PRODUCTS_DIR; };
		3881AE801E9150E900FCB71F /* AppDelegate.swift */ = {isa = PBXFileReference; lastKnownFileType = sourcecode.swift; path = AppDelegate.swift; sourceTree = "<group>"; };
		3881AE821E9150E900FCB71F /* ViewController.swift */ = {isa = PBXFileReference; lastKnownFileType = sourcecode.swift; path = ViewController.swift; sourceTree = "<group>"; };
		3881AE841E9150E900FCB71F /* Assets.xcassets */ = {isa = PBXFileReference; lastKnownFileType = folder.assetcatalog; path = Assets.xcassets; sourceTree = "<group>"; };
		3881AE871E9150E900FCB71F /* Base */ = {isa = PBXFileReference; lastKnownFileType = file.storyboard; name = Base; path = Base.lproj/Main.storyboard; sourceTree = "<group>"; };
		3881AE891E9150E900FCB71F /* Info.plist */ = {isa = PBXFileReference; lastKnownFileType = text.plist.xml; path = Info.plist; sourceTree = "<group>"; };
		3881AE8E1E9150E900FCB71F /* AlgorithmsAndDataStructuresTests.xctest */ = {isa = PBXFileReference; explicitFileType = wrapper.cfbundle; includeInIndex = 0; path = AlgorithmsAndDataStructuresTests.xctest; sourceTree = BUILT_PRODUCTS_DIR; };
		3881AE941E9150E900FCB71F /* Info.plist */ = {isa = PBXFileReference; lastKnownFileType = text.plist.xml; path = Info.plist; sourceTree = "<group>"; };
		3881AEAB1E91511D00FCB71F /* LinkedList.swift */ = {isa = PBXFileReference; fileEncoding = 4; lastKnownFileType = sourcecode.swift; path = LinkedList.swift; sourceTree = "<group>"; };
		3881AEAD1E91513B00FCB71F /* LinkedListNode.swift */ = {isa = PBXFileReference; fileEncoding = 4; lastKnownFileType = sourcecode.swift; path = LinkedListNode.swift; sourceTree = "<group>"; };
		3881AEB11E9157CB00FCB71F /* Tests_LinkedList.swift */ = {isa = PBXFileReference; fileEncoding = 4; lastKnownFileType = sourcecode.swift; path = Tests_LinkedList.swift; sourceTree = "<group>"; };
		3881AEB51E91745700FCB71F /* Stack.swift */ = {isa = PBXFileReference; fileEncoding = 4; lastKnownFileType = sourcecode.swift; path = Stack.swift; sourceTree = "<group>"; };
		3881AEB71E91750200FCB71F /* StackNode.swift */ = {isa = PBXFileReference; fileEncoding = 4; lastKnownFileType = sourcecode.swift; path = StackNode.swift; sourceTree = "<group>"; };
		3881AEBA1E9176D700FCB71F /* Tests_Stack.swift */ = {isa = PBXFileReference; fileEncoding = 4; lastKnownFileType = sourcecode.swift; path = Tests_Stack.swift; sourceTree = "<group>"; };
		3881AEBC1E917B3800FCB71F /* Queue.swift */ = {isa = PBXFileReference; fileEncoding = 4; lastKnownFileType = sourcecode.swift; path = Queue.swift; sourceTree = "<group>"; };
		3881AEBE1E917C0D00FCB71F /* QueueNode.swift */ = {isa = PBXFileReference; fileEncoding = 4; lastKnownFileType = sourcecode.swift; path = QueueNode.swift; sourceTree = "<group>"; };
		3881AEC11E917D3000FCB71F /* Tests_Queue.swift */ = {isa = PBXFileReference; fileEncoding = 4; lastKnownFileType = sourcecode.swift; path = Tests_Queue.swift; sourceTree = "<group>"; };
		3881AEC51E91BCFC00FCB71F /* BinarySearchTree.swift */ = {isa = PBXFileReference; fileEncoding = 4; lastKnownFileType = sourcecode.swift; path = BinarySearchTree.swift; sourceTree = "<group>"; };
		3881AEC81E92A16100FCB71F /* Tests_BinarySearchTree.swift */ = {isa = PBXFileReference; fileEncoding = 4; lastKnownFileType = sourcecode.swift; path = Tests_BinarySearchTree.swift; sourceTree = "<group>"; };
		38F47D791EB3A41000DC7B15 /* Kata04DataMunging.swift */ = {isa = PBXFileReference; fileEncoding = 4; lastKnownFileType = sourcecode.swift; path = Kata04DataMunging.swift; sourceTree = "<group>"; };
		38F47D7C1EB3A4A800DC7B15 /* README_CodeKata.swift */ = {isa = PBXFileReference; fileEncoding = 4; lastKnownFileType = sourcecode.swift; path = README_CodeKata.swift; sourceTree = "<group>"; };
		38F47D7F1EB3A59900DC7B15 /* weather.dat */ = {isa = PBXFileReference; fileEncoding = 4; lastKnownFileType = text; path = weather.dat; sourceTree = "<group>"; };
		38F47D811EB3A76A00DC7B15 /* Kata04Errors.swift */ = {isa = PBXFileReference; fileEncoding = 4; lastKnownFileType = sourcecode.swift; path = Kata04Errors.swift; sourceTree = "<group>"; };
		38F47D831EB3A95800DC7B15 /* Tests_Kata04.swift */ = {isa = PBXFileReference; fileEncoding = 4; lastKnownFileType = sourcecode.swift; path = Tests_Kata04.swift; sourceTree = "<group>"; };
		38F47D851EB951EB00DC7B15 /* PartOneWeatherData.swift */ = {isa = PBXFileReference; fileEncoding = 4; lastKnownFileType = sourcecode.swift; path = PartOneWeatherData.swift; sourceTree = "<group>"; };
		38F47D881EB9588C00DC7B15 /* Kata04Day.swift */ = {isa = PBXFileReference; fileEncoding = 4; lastKnownFileType = sourcecode.swift; path = Kata04Day.swift; sourceTree = "<group>"; };
		38F47D8C1EB95AC800DC7B15 /* Kata04Temp.swift */ = {isa = PBXFileReference; fileEncoding = 4; lastKnownFileType = sourcecode.swift; path = Kata04Temp.swift; sourceTree = "<group>"; };
/* End PBXFileReference section */

/* Begin PBXFrameworksBuildPhase section */
		3881AE7A1E9150E800FCB71F /* Frameworks */ = {
			isa = PBXFrameworksBuildPhase;
			buildActionMask = 2147483647;
			files = (
			);
			runOnlyForDeploymentPostprocessing = 0;
		};
		3881AE8B1E9150E900FCB71F /* Frameworks */ = {
			isa = PBXFrameworksBuildPhase;
			buildActionMask = 2147483647;
			files = (
			);
			runOnlyForDeploymentPostprocessing = 0;
		};
/* End PBXFrameworksBuildPhase section */

/* Begin PBXGroup section */
		380F66011EF0095600ABCE96 /* LinkedLists */ = {
			isa = PBXGroup;
			children = (
				380F65FF1EF0095100ABCE96 /* LLRemoveDupes.swift */,
				383662C71EF1625600D38FED /* LLReturnKthToLast.swift */,
			);
			name = LinkedLists;
			sourceTree = "<group>";
		};
		3863EEBB1EE976F900C17051 /* ArraysAndStrings */ = {
			isa = PBXGroup;
			children = (
				3863EEBC1EE9771D00C17051 /* IsUnique.swift */,
				3863EEC61EEA0D6A00C17051 /* StringPermutationChecker.swift */,
				3863EEC81EEAB70900C17051 /* URLifyer.swift */,
				3863EECA1EEABE2300C17051 /* PalindromePermutationChecker.swift */,
				380F65FD1EEF581500ABCE96 /* StringCompresser.swift */,
			);
			name = ArraysAndStrings;
			sourceTree = "<group>";
		};
		3863EEBE1EE977E500C17051 /* CTCI */ = {
			isa = PBXGroup;
			children = (
				3863EEBF1EE9780A00C17051 /* README_ctci.swift */,
				380F66011EF0095600ABCE96 /* LinkedLists */,
				3863EEBB1EE976F900C17051 /* ArraysAndStrings */,
			);
			name = CTCI;
			sourceTree = "<group>";
		};
		3863EEC31EEA00F700C17051 /* HashTable */ = {
			isa = PBXGroup;
			children = (
			);
			name = HashTable;
			sourceTree = "<group>";
		};
		3863EEC41EEA011900C17051 /* DataStructures */ = {
			isa = PBXGroup;
			children = (
				3863EEC31EEA00F700C17051 /* HashTable */,
				3881AEB91E9176BF00FCB71F /* Stack */,
				3881AEB01E91516200FCB71F /* LinkedList */,
				3881AEC01E917C9F00FCB71F /* Queue */,
				3881AEC71E91BD0900FCB71F /* BinarySearchTree */,
			);
			name = DataStructures;
			sourceTree = "<group>";
		};
		3863EEC51EEA012800C17051 /* Katas */ = {
			isa = PBXGroup;
			children = (
				3863EEBE1EE977E500C17051 /* CTCI */,
				38F47D7B1EB3A49600DC7B15 /* CodeKata */,
			);
			name = Katas;
			sourceTree = "<group>";
		};
		3881AE741E9150E800FCB71F = {
			isa = PBXGroup;
			children = (
				380F65FB1EEEF41900ABCE96 /* README.md */,
				3881AE7F1E9150E900FCB71F /* AlgorithmsAndDataStructures */,
				3881AE911E9150E900FCB71F /* AlgorithmsAndDataStructuresTests */,
				3881AE7E1E9150E900FCB71F /* Products */,
			);
			sourceTree = "<group>";
		};
		3881AE7E1E9150E900FCB71F /* Products */ = {
			isa = PBXGroup;
			children = (
				3881AE7D1E9150E900FCB71F /* AlgorithmsAndDataStructures.app */,
				3881AE8E1E9150E900FCB71F /* AlgorithmsAndDataStructuresTests.xctest */,
			);
			name = Products;
			sourceTree = "<group>";
		};
		3881AE7F1E9150E900FCB71F /* AlgorithmsAndDataStructures */ = {
			isa = PBXGroup;
			children = (
				3881AE801E9150E900FCB71F /* AppDelegate.swift */,
				3881AE821E9150E900FCB71F /* ViewController.swift */,
				3881AEAF1E91514800FCB71F /* CommonLogic */,
				3881AE841E9150E900FCB71F /* Assets.xcassets */,
				3881AE861E9150E900FCB71F /* Main.storyboard */,
				3881AE891E9150E900FCB71F /* Info.plist */,
			);
			path = AlgorithmsAndDataStructures;
			sourceTree = "<group>";
		};
		3881AE911E9150E900FCB71F /* AlgorithmsAndDataStructuresTests */ = {
			isa = PBXGroup;
			children = (
				3881AEB11E9157CB00FCB71F /* Tests_LinkedList.swift */,
				3881AEBA1E9176D700FCB71F /* Tests_Stack.swift */,
				3881AEC11E917D3000FCB71F /* Tests_Queue.swift */,
				3881AEC81E92A16100FCB71F /* Tests_BinarySearchTree.swift */,
				38076D111E92DFD9002764B8 /* LargeArrayOfRandomInt.swift */,
				38F47D831EB3A95800DC7B15 /* Tests_Kata04.swift */,
				3863EEC11EE9787600C17051 /* Tests_Ctci_ArraysAndStrings.swift */,
				380F66021EF009FB00ABCE96 /* Tests_Ctci_LinkedLists.swift */,
				3881AE941E9150E900FCB71F /* Info.plist */,
			);
			path = AlgorithmsAndDataStructuresTests;
			sourceTree = "<group>";
		};
		3881AEAF1E91514800FCB71F /* CommonLogic */ = {
			isa = PBXGroup;
			children = (
				3863EEC51EEA012800C17051 /* Katas */,
				3863EEC41EEA011900C17051 /* DataStructures */,
			);
			name = CommonLogic;
			sourceTree = "<group>";
		};
		3881AEB01E91516200FCB71F /* LinkedList */ = {
			isa = PBXGroup;
			children = (
				3881AEAB1E91511D00FCB71F /* LinkedList.swift */,
				3881AEAD1E91513B00FCB71F /* LinkedListNode.swift */,
			);
			name = LinkedList;
			sourceTree = "<group>";
		};
		3881AEB91E9176BF00FCB71F /* Stack */ = {
			isa = PBXGroup;
			children = (
				3881AEB51E91745700FCB71F /* Stack.swift */,
				3881AEB71E91750200FCB71F /* StackNode.swift */,
			);
			name = Stack;
			sourceTree = "<group>";
		};
		3881AEC01E917C9F00FCB71F /* Queue */ = {
			isa = PBXGroup;
			children = (
				3881AEBC1E917B3800FCB71F /* Queue.swift */,
				3881AEBE1E917C0D00FCB71F /* QueueNode.swift */,
			);
			name = Queue;
			sourceTree = "<group>";
		};
		3881AEC71E91BD0900FCB71F /* BinarySearchTree */ = {
			isa = PBXGroup;
			children = (
				3881AEC51E91BCFC00FCB71F /* BinarySearchTree.swift */,
			);
			name = BinarySearchTree;
			sourceTree = "<group>";
		};
		38F47D7B1EB3A49600DC7B15 /* CodeKata */ = {
			isa = PBXGroup;
			children = (
				38F47D7C1EB3A4A800DC7B15 /* README_CodeKata.swift */,
				38F47D7E1EB3A52800DC7B15 /* Kata04DataMunging */,
			);
			name = CodeKata;
			sourceTree = "<group>";
		};
		38F47D7E1EB3A52800DC7B15 /* Kata04DataMunging */ = {
			isa = PBXGroup;
			children = (
				38F47D8F1EBA5A8700DC7B15 /* PartOne_Weather */,
			);
			name = Kata04DataMunging;
			sourceTree = "<group>";
		};
		38F47D871EB951F500DC7B15 /* FileReader */ = {
			isa = PBXGroup;
			children = (
				38F47D791EB3A41000DC7B15 /* Kata04DataMunging.swift */,
				38F47D811EB3A76A00DC7B15 /* Kata04Errors.swift */,
			);
			name = FileReader;
			sourceTree = "<group>";
		};
		38F47D8E1EBA59DC00DC7B15 /* Kata04WeatherModels */ = {
			isa = PBXGroup;
			children = (
				38F47D881EB9588C00DC7B15 /* Kata04Day.swift */,
				38F47D8C1EB95AC800DC7B15 /* Kata04Temp.swift */,
			);
			name = Kata04WeatherModels;
			sourceTree = "<group>";
		};
		38F47D8F1EBA5A8700DC7B15 /* PartOne_Weather */ = {
			isa = PBXGroup;
			children = (
				38F47D7F1EB3A59900DC7B15 /* weather.dat */,
				38F47D851EB951EB00DC7B15 /* PartOneWeatherData.swift */,
				38F47D871EB951F500DC7B15 /* FileReader */,
				38F47D8E1EBA59DC00DC7B15 /* Kata04WeatherModels */,
			);
			name = PartOne_Weather;
			sourceTree = "<group>";
		};
/* End PBXGroup section */

/* Begin PBXNativeTarget section */
		3881AE7C1E9150E800FCB71F /* AlgorithmsAndDataStructures */ = {
			isa = PBXNativeTarget;
			buildConfigurationList = 3881AEA21E9150E900FCB71F /* Build configuration list for PBXNativeTarget "AlgorithmsAndDataStructures" */;
			buildPhases = (
				3881AE791E9150E800FCB71F /* Sources */,
				3881AE7A1E9150E800FCB71F /* Frameworks */,
				3881AE7B1E9150E800FCB71F /* Resources */,
			);
			buildRules = (
			);
			dependencies = (
			);
			name = AlgorithmsAndDataStructures;
			productName = AlgorithmsAndDataStructures;
			productReference = 3881AE7D1E9150E900FCB71F /* AlgorithmsAndDataStructures.app */;
			productType = "com.apple.product-type.application";
		};
		3881AE8D1E9150E900FCB71F /* AlgorithmsAndDataStructuresTests */ = {
			isa = PBXNativeTarget;
			buildConfigurationList = 3881AEA51E9150E900FCB71F /* Build configuration list for PBXNativeTarget "AlgorithmsAndDataStructuresTests" */;
			buildPhases = (
				3881AE8A1E9150E900FCB71F /* Sources */,
				3881AE8B1E9150E900FCB71F /* Frameworks */,
				3881AE8C1E9150E900FCB71F /* Resources */,
			);
			buildRules = (
			);
			dependencies = (
				3881AE901E9150E900FCB71F /* PBXTargetDependency */,
			);
			name = AlgorithmsAndDataStructuresTests;
			productName = AlgorithmsAndDataStructuresTests;
			productReference = 3881AE8E1E9150E900FCB71F /* AlgorithmsAndDataStructuresTests.xctest */;
			productType = "com.apple.product-type.bundle.unit-test";
		};
/* End PBXNativeTarget section */

/* Begin PBXProject section */
		3881AE751E9150E800FCB71F /* Project object */ = {
			isa = PBXProject;
			attributes = {
				LastSwiftUpdateCheck = 0830;
				LastUpgradeCheck = 0830;
				ORGANIZATIONNAME = "Jim Danger, LLC";
				TargetAttributes = {
					3881AE7C1E9150E800FCB71F = {
						CreatedOnToolsVersion = 8.3;
						DevelopmentTeam = 5MFLP3AQ7C;
						ProvisioningStyle = Automatic;
					};
					3881AE8D1E9150E900FCB71F = {
						CreatedOnToolsVersion = 8.3;
						DevelopmentTeam = 5MFLP3AQ7C;
						ProvisioningStyle = Automatic;
						TestTargetID = 3881AE7C1E9150E800FCB71F;
					};
				};
			};
			buildConfigurationList = 3881AE781E9150E800FCB71F /* Build configuration list for PBXProject "AlgorithmsAndDataStructures" */;
			compatibilityVersion = "Xcode 3.2";
			developmentRegion = English;
			hasScannedForEncodings = 0;
			knownRegions = (
				en,
				Base,
			);
			mainGroup = 3881AE741E9150E800FCB71F;
			productRefGroup = 3881AE7E1E9150E900FCB71F /* Products */;
			projectDirPath = "";
			projectRoot = "";
			targets = (
				3881AE7C1E9150E800FCB71F /* AlgorithmsAndDataStructures */,
				3881AE8D1E9150E900FCB71F /* AlgorithmsAndDataStructuresTests */,
			);
		};
/* End PBXProject section */

/* Begin PBXResourcesBuildPhase section */
		3881AE7B1E9150E800FCB71F /* Resources */ = {
			isa = PBXResourcesBuildPhase;
			buildActionMask = 2147483647;
			files = (
				3881AE851E9150E900FCB71F /* Assets.xcassets in Resources */,
				38F47D801EB3A59900DC7B15 /* weather.dat in Resources */,
				3881AE881E9150E900FCB71F /* Main.storyboard in Resources */,
			);
			runOnlyForDeploymentPostprocessing = 0;
		};
		3881AE8C1E9150E900FCB71F /* Resources */ = {
			isa = PBXResourcesBuildPhase;
			buildActionMask = 2147483647;
			files = (
			);
			runOnlyForDeploymentPostprocessing = 0;
		};
/* End PBXResourcesBuildPhase section */

/* Begin PBXSourcesBuildPhase section */
		3881AE791E9150E800FCB71F /* Sources */ = {
			isa = PBXSourcesBuildPhase;
			buildActionMask = 2147483647;
			files = (
				383662C81EF1625600D38FED /* LLReturnKthToLast.swift in Sources */,
				3863EEC91EEAB70900C17051 /* URLifyer.swift in Sources */,
				3881AEAE1E91513B00FCB71F /* LinkedListNode.swift in Sources */,
				3881AEB61E91745700FCB71F /* Stack.swift in Sources */,
				380F65FE1EEF581500ABCE96 /* StringCompresser.swift in Sources */,
				380F65FC1EEEF41900ABCE96 /* README.md in Sources */,
				38F47D7A1EB3A41000DC7B15 /* Kata04DataMunging.swift in Sources */,
				3863EEC71EEA0D6A00C17051 /* StringPermutationChecker.swift in Sources */,
				3863EECB1EEABE2300C17051 /* PalindromePermutationChecker.swift in Sources */,
				38F47D821EB3A76A00DC7B15 /* Kata04Errors.swift in Sources */,
				38F47D861EB951EB00DC7B15 /* PartOneWeatherData.swift in Sources */,
				3863EEC01EE9780A00C17051 /* README_ctci.swift in Sources */,
				3881AEBD1E917B3800FCB71F /* Queue.swift in Sources */,
				3881AEAC1E91511D00FCB71F /* LinkedList.swift in Sources */,
				3881AE831E9150E900FCB71F /* ViewController.swift in Sources */,
				3863EEBD1EE9771D00C17051 /* IsUnique.swift in Sources */,
				3881AEC61E91BCFC00FCB71F /* BinarySearchTree.swift in Sources */,
				3881AEBF1E917C0D00FCB71F /* QueueNode.swift in Sources */,
				3881AEB81E91750200FCB71F /* StackNode.swift in Sources */,
				38F47D891EB9588C00DC7B15 /* Kata04Day.swift in Sources */,
				38F47D7D1EB3A4A800DC7B15 /* README_CodeKata.swift in Sources */,
				380F66001EF0095100ABCE96 /* LLRemoveDupes.swift in Sources */,
				3881AE811E9150E900FCB71F /* AppDelegate.swift in Sources */,
				38F47D8D1EB95AC800DC7B15 /* Kata04Temp.swift in Sources */,
			);
			runOnlyForDeploymentPostprocessing = 0;
		};
		3881AE8A1E9150E900FCB71F /* Sources */ = {
			isa = PBXSourcesBuildPhase;
			buildActionMask = 2147483647;
			files = (
				3863EEC21EE9787600C17051 /* Tests_Ctci_ArraysAndStrings.swift in Sources */,
				380F66031EF009FB00ABCE96 /* Tests_Ctci_LinkedLists.swift in Sources */,
				38F47D841EB3A95800DC7B15 /* Tests_Kata04.swift in Sources */,
				3881AEC91E92A16100FCB71F /* Tests_BinarySearchTree.swift in Sources */,
				3881AEBB1E9176D700FCB71F /* Tests_Stack.swift in Sources */,
				38076D121E92DFD9002764B8 /* LargeArrayOfRandomInt.swift in Sources */,
				3881AEB21E9157CB00FCB71F /* Tests_LinkedList.swift in Sources */,
				3881AEC21E917D3000FCB71F /* Tests_Queue.swift in Sources */,
			);
			runOnlyForDeploymentPostprocessing = 0;
		};
/* End PBXSourcesBuildPhase section */

/* Begin PBXTargetDependency section */
		3881AE901E9150E900FCB71F /* PBXTargetDependency */ = {
			isa = PBXTargetDependency;
			target = 3881AE7C1E9150E800FCB71F /* AlgorithmsAndDataStructures */;
			targetProxy = 3881AE8F1E9150E900FCB71F /* PBXContainerItemProxy */;
		};
/* End PBXTargetDependency section */

/* Begin PBXVariantGroup section */
		3881AE861E9150E900FCB71F /* Main.storyboard */ = {
			isa = PBXVariantGroup;
			children = (
				3881AE871E9150E900FCB71F /* Base */,
			);
			name = Main.storyboard;
			sourceTree = "<group>";
		};
/* End PBXVariantGroup section */

/* Begin XCBuildConfiguration section */
		3881AEA01E9150E900FCB71F /* Debug */ = {
			isa = XCBuildConfiguration;
			buildSettings = {
				ALWAYS_SEARCH_USER_PATHS = NO;
				CLANG_ANALYZER_NONNULL = YES;
				CLANG_ANALYZER_NUMBER_OBJECT_CONVERSION = YES_AGGRESSIVE;
				CLANG_CXX_LANGUAGE_STANDARD = "gnu++0x";
				CLANG_CXX_LIBRARY = "libc++";
				CLANG_ENABLE_MODULES = YES;
				CLANG_ENABLE_OBJC_ARC = YES;
				CLANG_WARN_BOOL_CONVERSION = YES;
				CLANG_WARN_CONSTANT_CONVERSION = YES;
				CLANG_WARN_DIRECT_OBJC_ISA_USAGE = YES_ERROR;
				CLANG_WARN_DOCUMENTATION_COMMENTS = YES;
				CLANG_WARN_EMPTY_BODY = YES;
				CLANG_WARN_ENUM_CONVERSION = YES;
				CLANG_WARN_INFINITE_RECURSION = YES;
				CLANG_WARN_INT_CONVERSION = YES;
				CLANG_WARN_OBJC_ROOT_CLASS = YES_ERROR;
				CLANG_WARN_SUSPICIOUS_MOVE = YES;
				CLANG_WARN_UNREACHABLE_CODE = YES;
				CLANG_WARN__DUPLICATE_METHOD_MATCH = YES;
				CODE_SIGN_IDENTITY = "-";
				COPY_PHASE_STRIP = NO;
				DEBUG_INFORMATION_FORMAT = dwarf;
				ENABLE_STRICT_OBJC_MSGSEND = YES;
				ENABLE_TESTABILITY = YES;
				GCC_C_LANGUAGE_STANDARD = gnu99;
				GCC_DYNAMIC_NO_PIC = NO;
				GCC_NO_COMMON_BLOCKS = YES;
				GCC_OPTIMIZATION_LEVEL = 0;
				GCC_PREPROCESSOR_DEFINITIONS = (
					"DEBUG=1",
					"$(inherited)",
				);
				GCC_WARN_64_TO_32_BIT_CONVERSION = YES;
				GCC_WARN_ABOUT_RETURN_TYPE = YES_ERROR;
				GCC_WARN_UNDECLARED_SELECTOR = YES;
				GCC_WARN_UNINITIALIZED_AUTOS = YES_AGGRESSIVE;
				GCC_WARN_UNUSED_FUNCTION = YES;
				GCC_WARN_UNUSED_VARIABLE = YES;
				MACOSX_DEPLOYMENT_TARGET = 10.12;
				MTL_ENABLE_DEBUG_INFO = YES;
				ONLY_ACTIVE_ARCH = YES;
				SDKROOT = macosx;
				SWIFT_ACTIVE_COMPILATION_CONDITIONS = DEBUG;
				SWIFT_OPTIMIZATION_LEVEL = "-Onone";
			};
			name = Debug;
		};
		3881AEA11E9150E900FCB71F /* Release */ = {
			isa = XCBuildConfiguration;
			buildSettings = {
				ALWAYS_SEARCH_USER_PATHS = NO;
				CLANG_ANALYZER_NONNULL = YES;
				CLANG_ANALYZER_NUMBER_OBJECT_CONVERSION = YES_AGGRESSIVE;
				CLANG_CXX_LANGUAGE_STANDARD = "gnu++0x";
				CLANG_CXX_LIBRARY = "libc++";
				CLANG_ENABLE_MODULES = YES;
				CLANG_ENABLE_OBJC_ARC = YES;
				CLANG_WARN_BOOL_CONVERSION = YES;
				CLANG_WARN_CONSTANT_CONVERSION = YES;
				CLANG_WARN_DIRECT_OBJC_ISA_USAGE = YES_ERROR;
				CLANG_WARN_DOCUMENTATION_COMMENTS = YES;
				CLANG_WARN_EMPTY_BODY = YES;
				CLANG_WARN_ENUM_CONVERSION = YES;
				CLANG_WARN_INFINITE_RECURSION = YES;
				CLANG_WARN_INT_CONVERSION = YES;
				CLANG_WARN_OBJC_ROOT_CLASS = YES_ERROR;
				CLANG_WARN_SUSPICIOUS_MOVE = YES;
				CLANG_WARN_UNREACHABLE_CODE = YES;
				CLANG_WARN__DUPLICATE_METHOD_MATCH = YES;
				CODE_SIGN_IDENTITY = "-";
				COPY_PHASE_STRIP = NO;
				DEBUG_INFORMATION_FORMAT = "dwarf-with-dsym";
				ENABLE_NS_ASSERTIONS = NO;
				ENABLE_STRICT_OBJC_MSGSEND = YES;
				GCC_C_LANGUAGE_STANDARD = gnu99;
				GCC_NO_COMMON_BLOCKS = YES;
				GCC_WARN_64_TO_32_BIT_CONVERSION = YES;
				GCC_WARN_ABOUT_RETURN_TYPE = YES_ERROR;
				GCC_WARN_UNDECLARED_SELECTOR = YES;
				GCC_WARN_UNINITIALIZED_AUTOS = YES_AGGRESSIVE;
				GCC_WARN_UNUSED_FUNCTION = YES;
				GCC_WARN_UNUSED_VARIABLE = YES;
				MACOSX_DEPLOYMENT_TARGET = 10.12;
				MTL_ENABLE_DEBUG_INFO = NO;
				SDKROOT = macosx;
				SWIFT_OPTIMIZATION_LEVEL = "-Owholemodule";
			};
			name = Release;
		};
		3881AEA31E9150E900FCB71F /* Debug */ = {
			isa = XCBuildConfiguration;
			buildSettings = {
				ASSETCATALOG_COMPILER_APPICON_NAME = AppIcon;
				COMBINE_HIDPI_IMAGES = YES;
				DEVELOPMENT_TEAM = 5MFLP3AQ7C;
				INFOPLIST_FILE = AlgorithmsAndDataStructures/Info.plist;
				LD_RUNPATH_SEARCH_PATHS = "$(inherited) @executable_path/../Frameworks";
				PRODUCT_BUNDLE_IDENTIFIER = com.jimdanger.AlgorithmsAndDataStructures;
				PRODUCT_NAME = "$(TARGET_NAME)";
				SWIFT_VERSION = 3.0;
			};
			name = Debug;
		};
		3881AEA41E9150E900FCB71F /* Release */ = {
			isa = XCBuildConfiguration;
			buildSettings = {
				ASSETCATALOG_COMPILER_APPICON_NAME = AppIcon;
				COMBINE_HIDPI_IMAGES = YES;
				DEVELOPMENT_TEAM = 5MFLP3AQ7C;
				INFOPLIST_FILE = AlgorithmsAndDataStructures/Info.plist;
				LD_RUNPATH_SEARCH_PATHS = "$(inherited) @executable_path/../Frameworks";
				PRODUCT_BUNDLE_IDENTIFIER = com.jimdanger.AlgorithmsAndDataStructures;
				PRODUCT_NAME = "$(TARGET_NAME)";
				SWIFT_VERSION = 3.0;
			};
			name = Release;
		};
		3881AEA61E9150E900FCB71F /* Debug */ = {
			isa = XCBuildConfiguration;
			buildSettings = {
				ALWAYS_EMBED_SWIFT_STANDARD_LIBRARIES = YES;
				BUNDLE_LOADER = "$(TEST_HOST)";
				COMBINE_HIDPI_IMAGES = YES;
				DEVELOPMENT_TEAM = 5MFLP3AQ7C;
				INFOPLIST_FILE = AlgorithmsAndDataStructuresTests/Info.plist;
				LD_RUNPATH_SEARCH_PATHS = "$(inherited) @executable_path/../Frameworks @loader_path/../Frameworks";
				PRODUCT_BUNDLE_IDENTIFIER = com.jimdanger.AlgorithmsAndDataStructuresTests;
				PRODUCT_NAME = "$(TARGET_NAME)";
				SWIFT_VERSION = 3.0;
				TEST_HOST = "$(BUILT_PRODUCTS_DIR)/AlgorithmsAndDataStructures.app/Contents/MacOS/AlgorithmsAndDataStructures";
			};
			name = Debug;
		};
		3881AEA71E9150E900FCB71F /* Release */ = {
			isa = XCBuildConfiguration;
			buildSettings = {
				ALWAYS_EMBED_SWIFT_STANDARD_LIBRARIES = YES;
				BUNDLE_LOADER = "$(TEST_HOST)";
				COMBINE_HIDPI_IMAGES = YES;
				DEVELOPMENT_TEAM = 5MFLP3AQ7C;
				INFOPLIST_FILE = AlgorithmsAndDataStructuresTests/Info.plist;
				LD_RUNPATH_SEARCH_PATHS = "$(inherited) @executable_path/../Frameworks @loader_path/../Frameworks";
				PRODUCT_BUNDLE_IDENTIFIER = com.jimdanger.AlgorithmsAndDataStructuresTests;
				PRODUCT_NAME = "$(TARGET_NAME)";
				SWIFT_VERSION = 3.0;
				TEST_HOST = "$(BUILT_PRODUCTS_DIR)/AlgorithmsAndDataStructures.app/Contents/MacOS/AlgorithmsAndDataStructures";
			};
			name = Release;
		};
/* End XCBuildConfiguration section */

/* Begin XCConfigurationList section */
		3881AE781E9150E800FCB71F /* Build configuration list for PBXProject "AlgorithmsAndDataStructures" */ = {
			isa = XCConfigurationList;
			buildConfigurations = (
				3881AEA01E9150E900FCB71F /* Debug */,
				3881AEA11E9150E900FCB71F /* Release */,
			);
			defaultConfigurationIsVisible = 0;
			defaultConfigurationName = Release;
		};
		3881AEA21E9150E900FCB71F /* Build configuration list for PBXNativeTarget "AlgorithmsAndDataStructures" */ = {
			isa = XCConfigurationList;
			buildConfigurations = (
				3881AEA31E9150E900FCB71F /* Debug */,
				3881AEA41E9150E900FCB71F /* Release */,
			);
			defaultConfigurationIsVisible = 0;
			defaultConfigurationName = Release;
		};
		3881AEA51E9150E900FCB71F /* Build configuration list for PBXNativeTarget "AlgorithmsAndDataStructuresTests" */ = {
			isa = XCConfigurationList;
			buildConfigurations = (
				3881AEA61E9150E900FCB71F /* Debug */,
				3881AEA71E9150E900FCB71F /* Release */,
			);
			defaultConfigurationIsVisible = 0;
			defaultConfigurationName = Release;
		};
/* End XCConfigurationList section */
	};
	rootObject = 3881AE751E9150E800FCB71F /* Project object */;
}
